// !$*UTF8*$!
{
	archiveVersion = 1;
	classes = {
	};
	objectVersion = 50;
	objects = {

/* Begin PBXBuildFile section */
		8482058120C0D7FE00189B6E /* MonadPlus.swift in Sources */ = {isa = PBXBuildFile; fileRef = 8482058020C0D7FE00189B6E /* MonadPlus.swift */; };
		848E5CA220B3033C00DADBAB /* AppDelegate.swift in Sources */ = {isa = PBXBuildFile; fileRef = 848E5CA120B3033C00DADBAB /* AppDelegate.swift */; };
		848E5CA420B3033C00DADBAB /* ViewController.swift in Sources */ = {isa = PBXBuildFile; fileRef = 848E5CA320B3033C00DADBAB /* ViewController.swift */; };
		848E5CA720B3033C00DADBAB /* Main.storyboard in Resources */ = {isa = PBXBuildFile; fileRef = 848E5CA520B3033C00DADBAB /* Main.storyboard */; };
		848E5CA920B3033D00DADBAB /* Assets.xcassets in Resources */ = {isa = PBXBuildFile; fileRef = 848E5CA820B3033D00DADBAB /* Assets.xcassets */; };
		848E5CAC20B3033D00DADBAB /* LaunchScreen.storyboard in Resources */ = {isa = PBXBuildFile; fileRef = 848E5CAA20B3033D00DADBAB /* LaunchScreen.storyboard */; };
		848E5CB520B3037100DADBAB /* Proof.swift in Sources */ = {isa = PBXBuildFile; fileRef = 848E5CB420B3037100DADBAB /* Proof.swift */; };
		848E5CBA20B3049900DADBAB /* Container.swift in Sources */ = {isa = PBXBuildFile; fileRef = 848E5CB920B3049900DADBAB /* Container.swift */; };
		848E5CBD20B304C500DADBAB /* Functor.swift in Sources */ = {isa = PBXBuildFile; fileRef = 848E5CBC20B304C500DADBAB /* Functor.swift */; };
		848E5CC020B3050B00DADBAB /* Applicative.swift in Sources */ = {isa = PBXBuildFile; fileRef = 848E5CBF20B3050B00DADBAB /* Applicative.swift */; };
		848E5CC320B305F000DADBAB /* Monad.swift in Sources */ = {isa = PBXBuildFile; fileRef = 848E5CC220B305F000DADBAB /* Monad.swift */; };
		848E5CC620B3063A00DADBAB /* Utils.swift in Sources */ = {isa = PBXBuildFile; fileRef = 848E5CC520B3063A00DADBAB /* Utils.swift */; };
/* End PBXBuildFile section */

/* Begin PBXFileReference section */
		8482058020C0D7FE00189B6E /* MonadPlus.swift */ = {isa = PBXFileReference; lastKnownFileType = sourcecode.swift; path = MonadPlus.swift; sourceTree = "<group>"; };
		848E5C9E20B3033C00DADBAB /* TypeClasses.app */ = {isa = PBXFileReference; explicitFileType = wrapper.application; includeInIndex = 0; path = TypeClasses.app; sourceTree = BUILT_PRODUCTS_DIR; };
		848E5CA120B3033C00DADBAB /* AppDelegate.swift */ = {isa = PBXFileReference; lastKnownFileType = sourcecode.swift; path = AppDelegate.swift; sourceTree = "<group>"; };
		848E5CA320B3033C00DADBAB /* ViewController.swift */ = {isa = PBXFileReference; lastKnownFileType = sourcecode.swift; path = ViewController.swift; sourceTree = "<group>"; };
		848E5CA620B3033C00DADBAB /* Base */ = {isa = PBXFileReference; lastKnownFileType = file.storyboard; name = Base; path = Base.lproj/Main.storyboard; sourceTree = "<group>"; };
		848E5CA820B3033D00DADBAB /* Assets.xcassets */ = {isa = PBXFileReference; lastKnownFileType = folder.assetcatalog; path = Assets.xcassets; sourceTree = "<group>"; };
		848E5CAB20B3033D00DADBAB /* Base */ = {isa = PBXFileReference; lastKnownFileType = file.storyboard; name = Base; path = Base.lproj/LaunchScreen.storyboard; sourceTree = "<group>"; };
		848E5CAD20B3033D00DADBAB /* Info.plist */ = {isa = PBXFileReference; lastKnownFileType = text.plist.xml; path = Info.plist; sourceTree = "<group>"; };
		848E5CB420B3037100DADBAB /* Proof.swift */ = {isa = PBXFileReference; lastKnownFileType = sourcecode.swift; path = Proof.swift; sourceTree = "<group>"; };
		848E5CB920B3049900DADBAB /* Container.swift */ = {isa = PBXFileReference; lastKnownFileType = sourcecode.swift; path = Container.swift; sourceTree = "<group>"; };
		848E5CBC20B304C500DADBAB /* Functor.swift */ = {isa = PBXFileReference; lastKnownFileType = sourcecode.swift; path = Functor.swift; sourceTree = "<group>"; };
		848E5CBF20B3050B00DADBAB /* Applicative.swift */ = {isa = PBXFileReference; lastKnownFileType = sourcecode.swift; path = Applicative.swift; sourceTree = "<group>"; };
		848E5CC220B305F000DADBAB /* Monad.swift */ = {isa = PBXFileReference; lastKnownFileType = sourcecode.swift; path = Monad.swift; sourceTree = "<group>"; };
		848E5CC520B3063A00DADBAB /* Utils.swift */ = {isa = PBXFileReference; lastKnownFileType = sourcecode.swift; path = Utils.swift; sourceTree = "<group>"; };
/* End PBXFileReference section */

/* Begin PBXFrameworksBuildPhase section */
		848E5C9B20B3033C00DADBAB /* Frameworks */ = {
			isa = PBXFrameworksBuildPhase;
			buildActionMask = 2147483647;
			files = (
			);
			runOnlyForDeploymentPostprocessing = 0;
		};
/* End PBXFrameworksBuildPhase section */

/* Begin PBXGroup section */
		8482057F20C0D7EB00189B6E /* MonadPlus */ = {
			isa = PBXGroup;
			children = (
				8482058020C0D7FE00189B6E /* MonadPlus.swift */,
			);
			path = MonadPlus;
			sourceTree = "<group>";
		};
		848E5C9520B3033C00DADBAB = {
			isa = PBXGroup;
			children = (
				848E5CB320B3034B00DADBAB /* Base */,
				848E5CA020B3033C00DADBAB /* TypeClasses */,
				848E5C9F20B3033C00DADBAB /* Products */,
			);
			sourceTree = "<group>";
		};
		848E5C9F20B3033C00DADBAB /* Products */ = {
			isa = PBXGroup;
			children = (
				848E5C9E20B3033C00DADBAB /* TypeClasses.app */,
			);
			name = Products;
			sourceTree = "<group>";
		};
		848E5CA020B3033C00DADBAB /* TypeClasses */ = {
			isa = PBXGroup;
			children = (
				848E5CB420B3037100DADBAB /* Proof.swift */,
				848E5CAD20B3033D00DADBAB /* Info.plist */,
				848E5CB820B3048C00DADBAB /* Container */,
				848E5CBB20B304B500DADBAB /* Functor */,
				848E5CBE20B3050000DADBAB /* Applicative */,
				848E5CC120B305E500DADBAB /* Monad */,
				8482057F20C0D7EB00189B6E /* MonadPlus */,
				848E5CC420B3063100DADBAB /* Utils */,
			);
			path = TypeClasses;
			sourceTree = "<group>";
		};
		848E5CB320B3034B00DADBAB /* Base */ = {
			isa = PBXGroup;
			children = (
				848E5CA520B3033C00DADBAB /* Main.storyboard */,
				848E5CA820B3033D00DADBAB /* Assets.xcassets */,
				848E5CAA20B3033D00DADBAB /* LaunchScreen.storyboard */,
				848E5CA120B3033C00DADBAB /* AppDelegate.swift */,
				848E5CA320B3033C00DADBAB /* ViewController.swift */,
			);
			path = Base;
			sourceTree = "<group>";
		};
		848E5CB820B3048C00DADBAB /* Container */ = {
			isa = PBXGroup;
			children = (
				848E5CB920B3049900DADBAB /* Container.swift */,
			);
			path = Container;
			sourceTree = "<group>";
		};
		848E5CBB20B304B500DADBAB /* Functor */ = {
			isa = PBXGroup;
			children = (
				848E5CBC20B304C500DADBAB /* Functor.swift */,
			);
			path = Functor;
			sourceTree = "<group>";
		};
		848E5CBE20B3050000DADBAB /* Applicative */ = {
			isa = PBXGroup;
			children = (
				848E5CBF20B3050B00DADBAB /* Applicative.swift */,
			);
			path = Applicative;
			sourceTree = "<group>";
		};
		848E5CC120B305E500DADBAB /* Monad */ = {
			isa = PBXGroup;
			children = (
				848E5CC220B305F000DADBAB /* Monad.swift */,
			);
			path = Monad;
			sourceTree = "<group>";
		};
		848E5CC420B3063100DADBAB /* Utils */ = {
			isa = PBXGroup;
			children = (
				848E5CC520B3063A00DADBAB /* Utils.swift */,
			);
			path = Utils;
			sourceTree = "<group>";
		};
/* End PBXGroup section */

/* Begin PBXNativeTarget section */
		848E5C9D20B3033C00DADBAB /* TypeClasses */ = {
			isa = PBXNativeTarget;
			buildConfigurationList = 848E5CB020B3033D00DADBAB /* Build configuration list for PBXNativeTarget "TypeClasses" */;
			buildPhases = (
				848E5C9A20B3033C00DADBAB /* Sources */,
				848E5C9B20B3033C00DADBAB /* Frameworks */,
				848E5C9C20B3033C00DADBAB /* Resources */,
			);
			buildRules = (
			);
			dependencies = (
			);
			name = TypeClasses;
			productName = TypeClasses;
			productReference = 848E5C9E20B3033C00DADBAB /* TypeClasses.app */;
			productType = "com.apple.product-type.application";
		};
/* End PBXNativeTarget section */

/* Begin PBXProject section */
		848E5C9620B3033C00DADBAB /* Project object */ = {
			isa = PBXProject;
			attributes = {
				LastSwiftUpdateCheck = 0930;
				LastUpgradeCheck = 0930;
				ORGANIZATIONNAME = codika;
				TargetAttributes = {
					848E5C9D20B3033C00DADBAB = {
						CreatedOnToolsVersion = 9.3;
					};
				};
			};
			buildConfigurationList = 848E5C9920B3033C00DADBAB /* Build configuration list for PBXProject "TypeClasses" */;
			compatibilityVersion = "Xcode 9.3";
			developmentRegion = en;
			hasScannedForEncodings = 0;
			knownRegions = (
				en,
				Base,
			);
			mainGroup = 848E5C9520B3033C00DADBAB;
			productRefGroup = 848E5C9F20B3033C00DADBAB /* Products */;
			projectDirPath = "";
			projectRoot = "";
			targets = (
				848E5C9D20B3033C00DADBAB /* TypeClasses */,
			);
		};
/* End PBXProject section */

/* Begin PBXResourcesBuildPhase section */
		848E5C9C20B3033C00DADBAB /* Resources */ = {
			isa = PBXResourcesBuildPhase;
			buildActionMask = 2147483647;
			files = (
				848E5CAC20B3033D00DADBAB /* LaunchScreen.storyboard in Resources */,
				848E5CA920B3033D00DADBAB /* Assets.xcassets in Resources */,
				848E5CA720B3033C00DADBAB /* Main.storyboard in Resources */,
			);
			runOnlyForDeploymentPostprocessing = 0;
		};
/* End PBXResourcesBuildPhase section */

/* Begin PBXSourcesBuildPhase section */
		848E5C9A20B3033C00DADBAB /* Sources */ = {
			isa = PBXSourcesBuildPhase;
			buildActionMask = 2147483647;
			files = (
				848E5CA420B3033C00DADBAB /* ViewController.swift in Sources */,
				848E5CBA20B3049900DADBAB /* Container.swift in Sources */,
				848E5CB520B3037100DADBAB /* Proof.swift in Sources */,
				848E5CA220B3033C00DADBAB /* AppDelegate.swift in Sources */,
				848E5CC020B3050B00DADBAB /* Applicative.swift in Sources */,
				848E5CBD20B304C500DADBAB /* Functor.swift in Sources */,
				8482058120C0D7FE00189B6E /* MonadPlus.swift in Sources */,
				848E5CC320B305F000DADBAB /* Monad.swift in Sources */,
				848E5CC620B3063A00DADBAB /* Utils.swift in Sources */,
			);
			runOnlyForDeploymentPostprocessing = 0;
		};
/* End PBXSourcesBuildPhase section */

/* Begin PBXVariantGroup section */
		848E5CA520B3033C00DADBAB /* Main.storyboard */ = {
			isa = PBXVariantGroup;
			children = (
				848E5CA620B3033C00DADBAB /* Base */,
			);
			name = Main.storyboard;
			sourceTree = "<group>";
		};
		848E5CAA20B3033D00DADBAB /* LaunchScreen.storyboard */ = {
			isa = PBXVariantGroup;
			children = (
				848E5CAB20B3033D00DADBAB /* Base */,
			);
			name = LaunchScreen.storyboard;
			sourceTree = "<group>";
		};
/* End PBXVariantGroup section */

/* Begin XCBuildConfiguration section */
		848E5CAE20B3033D00DADBAB /* Debug */ = {
			isa = XCBuildConfiguration;
			buildSettings = {
				ALWAYS_SEARCH_USER_PATHS = NO;
				CLANG_ANALYZER_NONNULL = YES;
				CLANG_ANALYZER_NUMBER_OBJECT_CONVERSION = YES_AGGRESSIVE;
				CLANG_CXX_LANGUAGE_STANDARD = "gnu++14";
				CLANG_CXX_LIBRARY = "libc++";
				CLANG_ENABLE_MODULES = YES;
				CLANG_ENABLE_OBJC_ARC = YES;
				CLANG_ENABLE_OBJC_WEAK = YES;
				CLANG_WARN_BLOCK_CAPTURE_AUTORELEASING = YES;
				CLANG_WARN_BOOL_CONVERSION = YES;
				CLANG_WARN_COMMA = YES;
				CLANG_WARN_CONSTANT_CONVERSION = YES;
				CLANG_WARN_DEPRECATED_OBJC_IMPLEMENTATIONS = YES;
				CLANG_WARN_DIRECT_OBJC_ISA_USAGE = YES_ERROR;
				CLANG_WARN_DOCUMENTATION_COMMENTS = YES;
				CLANG_WARN_EMPTY_BODY = YES;
				CLANG_WARN_ENUM_CONVERSION = YES;
				CLANG_WARN_INFINITE_RECURSION = YES;
				CLANG_WARN_INT_CONVERSION = YES;
				CLANG_WARN_NON_LITERAL_NULL_CONVERSION = YES;
				CLANG_WARN_OBJC_IMPLICIT_RETAIN_SELF = YES;
				CLANG_WARN_OBJC_LITERAL_CONVERSION = YES;
				CLANG_WARN_OBJC_ROOT_CLASS = YES_ERROR;
				CLANG_WARN_RANGE_LOOP_ANALYSIS = YES;
				CLANG_WARN_STRICT_PROTOTYPES = YES;
				CLANG_WARN_SUSPICIOUS_MOVE = YES;
				CLANG_WARN_UNGUARDED_AVAILABILITY = YES_AGGRESSIVE;
				CLANG_WARN_UNREACHABLE_CODE = YES;
				CLANG_WARN__DUPLICATE_METHOD_MATCH = YES;
				CODE_SIGN_IDENTITY = "iPhone Developer";
				COPY_PHASE_STRIP = NO;
				DEBUG_INFORMATION_FORMAT = dwarf;
				ENABLE_STRICT_OBJC_MSGSEND = YES;
				ENABLE_TESTABILITY = YES;
				GCC_C_LANGUAGE_STANDARD = gnu11;
				GCC_DYNAMIC_NO_PIC = NO;
				GCC_NO_COMMON_BLOCKS = YES;
				GCC_OPTIMIZATION_LEVEL = 0;
				GCC_PREPROCESSOR_DEFINITIONS = (
					"DEBUG=1",
					"$(inherited)",
				);
				GCC_WARN_64_TO_32_BIT_CONVERSION = YES;
				GCC_WARN_ABOUT_RETURN_TYPE = YES_ERROR;
				GCC_WARN_UNDECLARED_SELECTOR = YES;
				GCC_WARN_UNINITIALIZED_AUTOS = YES_AGGRESSIVE;
				GCC_WARN_UNUSED_FUNCTION = YES;
				GCC_WARN_UNUSED_VARIABLE = YES;
				IPHONEOS_DEPLOYMENT_TARGET = 11.3;
				MTL_ENABLE_DEBUG_INFO = YES;
				ONLY_ACTIVE_ARCH = YES;
				SDKROOT = iphoneos;
				SWIFT_ACTIVE_COMPILATION_CONDITIONS = DEBUG;
				SWIFT_OPTIMIZATION_LEVEL = "-Onone";
			};
			name = Debug;
		};
		848E5CAF20B3033D00DADBAB /* Release */ = {
			isa = XCBuildConfiguration;
			buildSettings = {
				ALWAYS_SEARCH_USER_PATHS = NO;
				CLANG_ANALYZER_NONNULL = YES;
				CLANG_ANALYZER_NUMBER_OBJECT_CONVERSION = YES_AGGRESSIVE;
				CLANG_CXX_LANGUAGE_STANDARD = "gnu++14";
				CLANG_CXX_LIBRARY = "libc++";
				CLANG_ENABLE_MODULES = YES;
				CLANG_ENABLE_OBJC_ARC = YES;
				CLANG_ENABLE_OBJC_WEAK = YES;
				CLANG_WARN_BLOCK_CAPTURE_AUTORELEASING = YES;
				CLANG_WARN_BOOL_CONVERSION = YES;
				CLANG_WARN_COMMA = YES;
				CLANG_WARN_CONSTANT_CONVERSION = YES;
				CLANG_WARN_DEPRECATED_OBJC_IMPLEMENTATIONS = YES;
				CLANG_WARN_DIRECT_OBJC_ISA_USAGE = YES_ERROR;
				CLANG_WARN_DOCUMENTATION_COMMENTS = YES;
				CLANG_WARN_EMPTY_BODY = YES;
				CLANG_WARN_ENUM_CONVERSION = YES;
				CLANG_WARN_INFINITE_RECURSION = YES;
				CLANG_WARN_INT_CONVERSION = YES;
				CLANG_WARN_NON_LITERAL_NULL_CONVERSION = YES;
				CLANG_WARN_OBJC_IMPLICIT_RETAIN_SELF = YES;
				CLANG_WARN_OBJC_LITERAL_CONVERSION = YES;
				CLANG_WARN_OBJC_ROOT_CLASS = YES_ERROR;
				CLANG_WARN_RANGE_LOOP_ANALYSIS = YES;
				CLANG_WARN_STRICT_PROTOTYPES = YES;
				CLANG_WARN_SUSPICIOUS_MOVE = YES;
				CLANG_WARN_UNGUARDED_AVAILABILITY = YES_AGGRESSIVE;
				CLANG_WARN_UNREACHABLE_CODE = YES;
				CLANG_WARN__DUPLICATE_METHOD_MATCH = YES;
				CODE_SIGN_IDENTITY = "iPhone Developer";
				COPY_PHASE_STRIP = NO;
				DEBUG_INFORMATION_FORMAT = "dwarf-with-dsym";
				ENABLE_NS_ASSERTIONS = NO;
				ENABLE_STRICT_OBJC_MSGSEND = YES;
				GCC_C_LANGUAGE_STANDARD = gnu11;
				GCC_NO_COMMON_BLOCKS = YES;
				GCC_WARN_64_TO_32_BIT_CONVERSION = YES;
				GCC_WARN_ABOUT_RETURN_TYPE = YES_ERROR;
				GCC_WARN_UNDECLARED_SELECTOR = YES;
				GCC_WARN_UNINITIALIZED_AUTOS = YES_AGGRESSIVE;
				GCC_WARN_UNUSED_FUNCTION = YES;
				GCC_WARN_UNUSED_VARIABLE = YES;
				IPHONEOS_DEPLOYMENT_TARGET = 11.3;
				MTL_ENABLE_DEBUG_INFO = NO;
				SDKROOT = iphoneos;
				SWIFT_COMPILATION_MODE = wholemodule;
				SWIFT_OPTIMIZATION_LEVEL = "-O";
				VALIDATE_PRODUCT = YES;
			};
			name = Release;
		};
		848E5CB120B3033D00DADBAB /* Debug */ = {
			isa = XCBuildConfiguration;
			buildSettings = {
				ASSETCATALOG_COMPILER_APPICON_NAME = AppIcon;
				CODE_SIGN_STYLE = Automatic;
				INFOPLIST_FILE = TypeClasses/Info.plist;
				LD_RUNPATH_SEARCH_PATHS = (
					"$(inherited)",
					"@executable_path/Frameworks",
				);
				PRODUCT_BUNDLE_IDENTIFIER = ar.com.codika.TypeClasses;
				PRODUCT_NAME = "$(TARGET_NAME)";
				SWIFT_VERSION = 4.0;
				TARGETED_DEVICE_FAMILY = "1,2";
			};
			name = Debug;
		};
		848E5CB220B3033D00DADBAB /* Release */ = {
			isa = XCBuildConfiguration;
			buildSettings = {
				ASSETCATALOG_COMPILER_APPICON_NAME = AppIcon;
				CODE_SIGN_STYLE = Automatic;
				INFOPLIST_FILE = TypeClasses/Info.plist;
				LD_RUNPATH_SEARCH_PATHS = (
					"$(inherited)",
					"@executable_path/Frameworks",
				);
				PRODUCT_BUNDLE_IDENTIFIER = ar.com.codika.TypeClasses;
				PRODUCT_NAME = "$(TARGET_NAME)";
				SWIFT_VERSION = 4.0;
				TARGETED_DEVICE_FAMILY = "1,2";
			};
			name = Release;
		};
/* End XCBuildConfiguration section */

/* Begin XCConfigurationList section */
		848E5C9920B3033C00DADBAB /* Build configuration list for PBXProject "TypeClasses" */ = {
			isa = XCConfigurationList;
			buildConfigurations = (
				848E5CAE20B3033D00DADBAB /* Debug */,
				848E5CAF20B3033D00DADBAB /* Release */,
			);
			defaultConfigurationIsVisible = 0;
			defaultConfigurationName = Release;
		};
		848E5CB020B3033D00DADBAB /* Build configuration list for PBXNativeTarget "TypeClasses" */ = {
			isa = XCConfigurationList;
			buildConfigurations = (
				848E5CB120B3033D00DADBAB /* Debug */,
				848E5CB220B3033D00DADBAB /* Release */,
			);
			defaultConfigurationIsVisible = 0;
			defaultConfigurationName = Release;
		};
/* End XCConfigurationList section */
	};
	rootObject = 848E5C9620B3033C00DADBAB /* Project object */;
}
